
Microsoft Visual Studio Solution File, Format Version 12.00
# Visual Studio Version 17
VisualStudioVersion = 17.2.32630.192
MinimumVisualStudioVersion = 10.0.40219.1
Project("{FAE04EC0-301F-11D3-BF4B-00C04F79EFBC}") = "RToora.DemoBlazorServer.Web", "src\Web\RToora.DemoBlazorServer.Web.csproj", "{68C0EB2B-1E00-4D9A-9F58-3143C0175305}"
EndProject
Global
	GlobalSection(SolutionConfigurationPlatforms) = preSolution
		Debug|Any CPU = Debug|Any CPU
		Release|Any CPU = Release|Any CPU
	EndGlobalSection
	GlobalSection(ProjectConfigurationPlatforms) = postSolution
		{68C0EB2B-1E00-4D9A-9F58-3143C0175305}.Debug|Any CPU.ActiveCfg = Debug|Any CPU
		{68C0EB2B-1E00-4D9A-9F58-3143C0175305}.Debug|Any CPU.Build.0 = Debug|Any CPU
		{68C0EB2B-1E00-4D9A-9F58-3143C0175305}.Release|Any CPU.ActiveCfg = Release|Any CPU
		{68C0EB2B-1E00-4D9A-9F58-3143C0175305}.Release|Any CPU.Build.0 = Release|Any CPU
	EndGlobalSection
	GlobalSection(SolutionProperties) = preSolution
		HideSolutionNode = FALSE
	EndGlobalSection
	GlobalSection(ExtensibilityGlobals) = postSolution
		SolutionGuid = {F253C272-C0FC-4E02-910B-AD9116B4F10F}
	EndGlobalSection
EndGlobal
